
Microsoft Visual Studio Solution File, Format Version 12.00
# Visual Studio Version 17
VisualStudioVersion = 17.5.002.0
MinimumVisualStudioVersion = 10.0.40219.1
Project("{9A19103F-16F7-4668-BE54-9A1E7A4F7556}") = "BlazorEcommerce.Client", "Client\BlazorEcommerce.Client.csproj", "{56832406-4188-4208-B5A0-2A2ACEFEA5BC}"
EndProject
Project("{9A19103F-16F7-4668-BE54-9A1E7A4F7556}") = "BlazorEcommerce.Server", "Server\BlazorEcommerce.Server.csproj", "{EE865369-D5D3-4049-876C-6000A9D411B0}"
EndProject
Project("{9A19103F-16F7-4668-BE54-9A1E7A4F7556}") = "BlazorEcommerce.Shared", "Shared\BlazorEcommerce.Shared.csproj", "{408B34DC-DF6F-4C7E-8E3D-0C33B96A4312}"
EndProject
Global
	GlobalSection(SolutionConfigurationPlatforms) = preSolution
		Debug|Any CPU = Debug|Any CPU
		Release|Any CPU = Release|Any CPU
	EndGlobalSection
	GlobalSection(ProjectConfigurationPlatforms) = postSolution
		{56832406-4188-4208-B5A0-2A2ACEFEA5BC}.Debug|Any CPU.ActiveCfg = Debug|Any CPU
		{56832406-4188-4208-B5A0-2A2ACEFEA5BC}.Debug|Any CPU.Build.0 = Debug|Any CPU
		{56832406-4188-4208-B5A0-2A2ACEFEA5BC}.Release|Any CPU.ActiveCfg = Release|Any CPU
		{56832406-4188-4208-B5A0-2A2ACEFEA5BC}.Release|Any CPU.Build.0 = Release|Any CPU
		{EE865369-D5D3-4049-876C-6000A9D411B0}.Debug|Any CPU.ActiveCfg = Debug|Any CPU
		{EE865369-D5D3-4049-876C-6000A9D411B0}.Debug|Any CPU.Build.0 = Debug|Any CPU
		{EE865369-D5D3-4049-876C-6000A9D411B0}.Release|Any CPU.ActiveCfg = Release|Any CPU
		{EE865369-D5D3-4049-876C-6000A9D411B0}.Release|Any CPU.Build.0 = Release|Any CPU
		{408B34DC-DF6F-4C7E-8E3D-0C33B96A4312}.Debug|Any CPU.ActiveCfg = Debug|Any CPU
		{408B34DC-DF6F-4C7E-8E3D-0C33B96A4312}.Debug|Any CPU.Build.0 = Debug|Any CPU
		{408B34DC-DF6F-4C7E-8E3D-0C33B96A4312}.Release|Any CPU.ActiveCfg = Release|Any CPU
		{408B34DC-DF6F-4C7E-8E3D-0C33B96A4312}.Release|Any CPU.Build.0 = Release|Any CPU
	EndGlobalSection
	GlobalSection(SolutionProperties) = preSolution
		HideSolutionNode = FALSE
	EndGlobalSection
	GlobalSection(ExtensibilityGlobals) = postSolution
		SolutionGuid = {863E47CC-28AB-4FA6-AB98-F7AC3D007BFD}
	EndGlobalSection
EndGlobal
